
Microsoft Visual Studio Solution File, Format Version 12.00
# Visual Studio Version 17
VisualStudioVersion = 17.5.002.0
MinimumVisualStudioVersion = 10.0.40219.1
<<<<<<< HEAD
Project("{9A19103F-16F7-4668-BE54-9A1E7A4F7556}") = "Het-Depot", "Het-Depot.csproj", "{B8CFC33D-3A18-4CC4-AA1C-3B924E5C6433}"
=======
Project("{9A19103F-16F7-4668-BE54-9A1E7A4F7556}") = "Het-Depot", "Het-Depot.csproj", "{A99BF88A-E54F-4C1C-9514-305BEA8AC52C}"
>>>>>>> a3ac65b8042cb9e3b8c378e7bc8e0753898c93b9
EndProject
Global
	GlobalSection(SolutionConfigurationPlatforms) = preSolution
		Debug|Any CPU = Debug|Any CPU
		Release|Any CPU = Release|Any CPU
	EndGlobalSection
	GlobalSection(ProjectConfigurationPlatforms) = postSolution
<<<<<<< HEAD
		{B8CFC33D-3A18-4CC4-AA1C-3B924E5C6433}.Debug|Any CPU.ActiveCfg = Debug|Any CPU
		{B8CFC33D-3A18-4CC4-AA1C-3B924E5C6433}.Debug|Any CPU.Build.0 = Debug|Any CPU
		{B8CFC33D-3A18-4CC4-AA1C-3B924E5C6433}.Release|Any CPU.ActiveCfg = Release|Any CPU
		{B8CFC33D-3A18-4CC4-AA1C-3B924E5C6433}.Release|Any CPU.Build.0 = Release|Any CPU
=======
		{A99BF88A-E54F-4C1C-9514-305BEA8AC52C}.Debug|Any CPU.ActiveCfg = Debug|Any CPU
		{A99BF88A-E54F-4C1C-9514-305BEA8AC52C}.Debug|Any CPU.Build.0 = Debug|Any CPU
		{A99BF88A-E54F-4C1C-9514-305BEA8AC52C}.Release|Any CPU.ActiveCfg = Release|Any CPU
		{A99BF88A-E54F-4C1C-9514-305BEA8AC52C}.Release|Any CPU.Build.0 = Release|Any CPU
>>>>>>> a3ac65b8042cb9e3b8c378e7bc8e0753898c93b9
	EndGlobalSection
	GlobalSection(SolutionProperties) = preSolution
		HideSolutionNode = FALSE
	EndGlobalSection
	GlobalSection(ExtensibilityGlobals) = postSolution
<<<<<<< HEAD
		SolutionGuid = {B8940D30-42F0-471B-9B9E-F5CEAA811F2B}
=======
		SolutionGuid = {A9FC46E3-69A9-4ED5-9F49-78FCB0EF20BD}
>>>>>>> a3ac65b8042cb9e3b8c378e7bc8e0753898c93b9
	EndGlobalSection
EndGlobal
