
Microsoft Visual Studio Solution File, Format Version 12.00
# Visual Studio Version 17
VisualStudioVersion = 17.5.002.0
MinimumVisualStudioVersion = 10.0.40219.1
Project("{9A19103F-16F7-4668-BE54-9A1E7A4F7556}") = "Het-Depot", "Het-Depot.csproj", "{B8CFC33D-3A18-4CC4-AA1C-3B924E5C6433}"
EndProject
Global
	GlobalSection(SolutionConfigurationPlatforms) = preSolution
		Debug|Any CPU = Debug|Any CPU
		Release|Any CPU = Release|Any CPU
	EndGlobalSection
	GlobalSection(ProjectConfigurationPlatforms) = postSolution
		{B8CFC33D-3A18-4CC4-AA1C-3B924E5C6433}.Debug|Any CPU.ActiveCfg = Debug|Any CPU
		{B8CFC33D-3A18-4CC4-AA1C-3B924E5C6433}.Debug|Any CPU.Build.0 = Debug|Any CPU
		{B8CFC33D-3A18-4CC4-AA1C-3B924E5C6433}.Release|Any CPU.ActiveCfg = Release|Any CPU
		{B8CFC33D-3A18-4CC4-AA1C-3B924E5C6433}.Release|Any CPU.Build.0 = Release|Any CPU
	EndGlobalSection
	GlobalSection(SolutionProperties) = preSolution
		HideSolutionNode = FALSE
	EndGlobalSection
	GlobalSection(ExtensibilityGlobals) = postSolution
		SolutionGuid = {B8940D30-42F0-471B-9B9E-F5CEAA811F2B}
	EndGlobalSection
EndGlobal
