
Microsoft Visual Studio Solution File, Format Version 12.00
# Visual Studio Version 17
VisualStudioVersion = 17.5.002.0
MinimumVisualStudioVersion = 10.0.40219.1
Project("{9A19103F-16F7-4668-BE54-9A1E7A4F7556}") = "SystemTest", "SystemTest\SystemTest.csproj", "{A07AEC57-12B1-4615-A012-F579DAA714B9}"
EndProject
Project("{9A19103F-16F7-4668-BE54-9A1E7A4F7556}") = "UnitTest", "UnitTest\UnitTest.csproj", "{EDCFB60F-DBB5-48D1-881A-58E8F3525DCA}"
EndProject
Global
	GlobalSection(SolutionConfigurationPlatforms) = preSolution
		Debug|Any CPU = Debug|Any CPU
		Release|Any CPU = Release|Any CPU
	EndGlobalSection
	GlobalSection(ProjectConfigurationPlatforms) = postSolution
		{A07AEC57-12B1-4615-A012-F579DAA714B9}.Debug|Any CPU.ActiveCfg = Debug|Any CPU
		{A07AEC57-12B1-4615-A012-F579DAA714B9}.Debug|Any CPU.Build.0 = Debug|Any CPU
		{A07AEC57-12B1-4615-A012-F579DAA714B9}.Release|Any CPU.ActiveCfg = Release|Any CPU
		{A07AEC57-12B1-4615-A012-F579DAA714B9}.Release|Any CPU.Build.0 = Release|Any CPU
		{EDCFB60F-DBB5-48D1-881A-58E8F3525DCA}.Debug|Any CPU.ActiveCfg = Debug|Any CPU
		{EDCFB60F-DBB5-48D1-881A-58E8F3525DCA}.Debug|Any CPU.Build.0 = Debug|Any CPU
		{EDCFB60F-DBB5-48D1-881A-58E8F3525DCA}.Release|Any CPU.ActiveCfg = Release|Any CPU
		{EDCFB60F-DBB5-48D1-881A-58E8F3525DCA}.Release|Any CPU.Build.0 = Release|Any CPU
	EndGlobalSection
	GlobalSection(SolutionProperties) = preSolution
		HideSolutionNode = FALSE
	EndGlobalSection
	GlobalSection(ExtensibilityGlobals) = postSolution
		SolutionGuid = {BAC5AE5A-75BF-4512-8771-6AF514788C3A}
	EndGlobalSection
EndGlobal
